DEPENDENCIES
  database
    git: git@github.com:chef-cookbooks/database.git
    revision: 5ba6a9e2ad3d3da3e900665cd375858a19153e85
  nginx (~> 2.7.6)
  oh-my-zsh (~> 0.4.3)
  postgresql (~> 3.4.20)
  rvm
    git: git://github.com/fnichol/chef-rvm.git
    revision: a5e2a746be9db650e2f36d7a23ec05e984e26431
  unicorn (~> 2.1.0)
  urchi
    path: site-cookbooks/urchi
  user

GRAPH
  apt (2.9.2)
  bluepill (2.4.1)
    rsyslog (~> 2.0)
  build-essential (2.2.4)
  chef-sugar (3.1.1)
  chef_gem (0.1.0)
  chef_handler (1.2.0)
  database (4.0.9)
    postgresql (>= 1.0.0)
  dmg (2.3.0)
  git (4.3.4)
    build-essential (>= 0.0.0)
    dmg (>= 0.0.0)
    windows (>= 0.0.0)
    yum-epel (>= 0.0.0)
  java (1.36.0)
    apt (>= 0.0.0)
  nginx (2.7.6)
    apt (~> 2.2)
    bluepill (~> 2.3)
    build-essential (~> 2.0)
    ohai (~> 2.0)
    runit (~> 1.2)
    yum-epel (~> 0.3)
  oh-my-zsh (0.4.3)
    git (>= 0.0.0)
    users (>= 0.0.0)
    zsh (>= 0.0.0)
  ohai (2.0.4)
  openssl (4.4.0)
    chef-sugar (>= 3.1.1)
  packagecloud (0.1.1)
  postgresql (3.4.24)
    apt (>= 1.9.0)
    build-essential (>= 0.0.0)
    openssl (~> 4.0)
  rsyslog (2.2.0)
  runit (1.7.4)
    packagecloud (>= 0.0.0)
  rvm (0.10.1)
    chef_gem (>= 0.0.0)
    java (>= 0.0.0)
  unicorn (2.1.0)
    build-essential (>= 0.0.0)
  urchi (0.1.0)
    nginx (>= 0.0.0)
    user (>= 0.0.0)
  user (0.4.2)
  users (1.8.2)
  windows (1.38.4)
    chef_handler (>= 0.0.0)
  yum (3.8.2)
  yum-epel (0.6.5)
    yum (~> 3.2)
  zsh (1.0.3)
